
Microsoft Visual Studio Solution File, Format Version 12.00
# Visual Studio 14
VisualStudioVersion = 14.0.24720.0
MinimumVisualStudioVersion = 10.0.40219.1
Project("{FAE04EC0-301F-11D3-BF4B-00C04F79EFBC}") = "AnimalFarm", "AnimalFarm\AnimalFarm.csproj", "{32AEC171-3440-43ED-822B-E7F89C5A8651}"
EndProject
Project("{FAE04EC0-301F-11D3-BF4B-00C04F79EFBC}") = "Problem1_ClassBox", "Problem1_ClassBox\Problem1_ClassBox.csproj", "{9EBD89E5-8F89-4ED9-9A8D-452D86204AA0}"
EndProject
Project("{FAE04EC0-301F-11D3-BF4B-00C04F79EFBC}") = "Problem2_ClassBoxDataValidation", "Problem2_ClassBoxDataValidation\Problem2_ClassBoxDataValidation.csproj", "{0D671BF7-1CD6-4D7C-B33C-8A414B8C5E04}"
EndProject
Project("{FAE04EC0-301F-11D3-BF4B-00C04F79EFBC}") = "Problem4_ShoppingSpree", "Problem4_ShoppingSpree\Problem4_ShoppingSpree.csproj", "{C63D70CB-806D-41F0-BCE1-1FD8E14F8B33}"
EndProject
Project("{FAE04EC0-301F-11D3-BF4B-00C04F79EFBC}") = "Problem5_PizzaCalories", "Problem5_PizzaCalories\Problem5_PizzaCalories.csproj", "{70D216D1-504D-4993-ACEF-CC17EBD6E0FA}"
EndProject
Global
	GlobalSection(SolutionConfigurationPlatforms) = preSolution
		Debug|Any CPU = Debug|Any CPU
		Release|Any CPU = Release|Any CPU
	EndGlobalSection
	GlobalSection(ProjectConfigurationPlatforms) = postSolution
		{32AEC171-3440-43ED-822B-E7F89C5A8651}.Debug|Any CPU.ActiveCfg = Debug|Any CPU
		{32AEC171-3440-43ED-822B-E7F89C5A8651}.Debug|Any CPU.Build.0 = Debug|Any CPU
		{32AEC171-3440-43ED-822B-E7F89C5A8651}.Release|Any CPU.ActiveCfg = Release|Any CPU
		{32AEC171-3440-43ED-822B-E7F89C5A8651}.Release|Any CPU.Build.0 = Release|Any CPU
		{9EBD89E5-8F89-4ED9-9A8D-452D86204AA0}.Debug|Any CPU.ActiveCfg = Debug|Any CPU
		{9EBD89E5-8F89-4ED9-9A8D-452D86204AA0}.Debug|Any CPU.Build.0 = Debug|Any CPU
		{9EBD89E5-8F89-4ED9-9A8D-452D86204AA0}.Release|Any CPU.ActiveCfg = Release|Any CPU
		{9EBD89E5-8F89-4ED9-9A8D-452D86204AA0}.Release|Any CPU.Build.0 = Release|Any CPU
		{0D671BF7-1CD6-4D7C-B33C-8A414B8C5E04}.Debug|Any CPU.ActiveCfg = Debug|Any CPU
		{0D671BF7-1CD6-4D7C-B33C-8A414B8C5E04}.Debug|Any CPU.Build.0 = Debug|Any CPU
		{0D671BF7-1CD6-4D7C-B33C-8A414B8C5E04}.Release|Any CPU.ActiveCfg = Release|Any CPU
		{0D671BF7-1CD6-4D7C-B33C-8A414B8C5E04}.Release|Any CPU.Build.0 = Release|Any CPU
		{C63D70CB-806D-41F0-BCE1-1FD8E14F8B33}.Debug|Any CPU.ActiveCfg = Debug|Any CPU
		{C63D70CB-806D-41F0-BCE1-1FD8E14F8B33}.Debug|Any CPU.Build.0 = Debug|Any CPU
		{C63D70CB-806D-41F0-BCE1-1FD8E14F8B33}.Release|Any CPU.ActiveCfg = Release|Any CPU
		{C63D70CB-806D-41F0-BCE1-1FD8E14F8B33}.Release|Any CPU.Build.0 = Release|Any CPU
		{70D216D1-504D-4993-ACEF-CC17EBD6E0FA}.Debug|Any CPU.ActiveCfg = Debug|Any CPU
		{70D216D1-504D-4993-ACEF-CC17EBD6E0FA}.Debug|Any CPU.Build.0 = Debug|Any CPU
		{70D216D1-504D-4993-ACEF-CC17EBD6E0FA}.Release|Any CPU.ActiveCfg = Release|Any CPU
		{70D216D1-504D-4993-ACEF-CC17EBD6E0FA}.Release|Any CPU.Build.0 = Release|Any CPU
	EndGlobalSection
	GlobalSection(SolutionProperties) = preSolution
		HideSolutionNode = FALSE
	EndGlobalSection
EndGlobal
